
Microsoft Visual Studio Solution File, Format Version 12.00
# Visual Studio 15
VisualStudioVersion = 15.0.27703.2042
MinimumVisualStudioVersion = 10.0.40219.1
Project("{FAE04EC0-301F-11D3-BF4B-00C04F79EFBC}") = "TesteMutacao", "TesteMutacao\TesteMutacao.csproj", "{142041BE-6ED9-4025-91C0-233FB7166F26}"
EndProject
Project("{FAE04EC0-301F-11D3-BF4B-00C04F79EFBC}") = "TesteMutacao.Tests", "TesteMutacao.Tests\TesteMutacao.Tests.csproj", "{83CFB464-6CF5-4448-92B1-52676DA1C763}"
EndProject
Project("{FAE04EC0-301F-11D3-BF4B-00C04F79EFBC}") = "TesteMutacao.Exemplo", "TesteMutacao.Exemplo\TesteMutacao.Exemplo.csproj", "{CCBF30A3-641E-4C14-A9F9-A57E02C0C892}"
EndProject
Global
	GlobalSection(SolutionConfigurationPlatforms) = preSolution
		Debug|Any CPU = Debug|Any CPU
		Release|Any CPU = Release|Any CPU
	EndGlobalSection
	GlobalSection(ProjectConfigurationPlatforms) = postSolution
		{142041BE-6ED9-4025-91C0-233FB7166F26}.Debug|Any CPU.ActiveCfg = Debug|Any CPU
		{142041BE-6ED9-4025-91C0-233FB7166F26}.Debug|Any CPU.Build.0 = Debug|Any CPU
		{142041BE-6ED9-4025-91C0-233FB7166F26}.Release|Any CPU.ActiveCfg = Release|Any CPU
		{142041BE-6ED9-4025-91C0-233FB7166F26}.Release|Any CPU.Build.0 = Release|Any CPU
		{83CFB464-6CF5-4448-92B1-52676DA1C763}.Debug|Any CPU.ActiveCfg = Debug|Any CPU
		{83CFB464-6CF5-4448-92B1-52676DA1C763}.Debug|Any CPU.Build.0 = Debug|Any CPU
		{83CFB464-6CF5-4448-92B1-52676DA1C763}.Release|Any CPU.ActiveCfg = Release|Any CPU
		{83CFB464-6CF5-4448-92B1-52676DA1C763}.Release|Any CPU.Build.0 = Release|Any CPU
		{CCBF30A3-641E-4C14-A9F9-A57E02C0C892}.Debug|Any CPU.ActiveCfg = Debug|Any CPU
		{CCBF30A3-641E-4C14-A9F9-A57E02C0C892}.Debug|Any CPU.Build.0 = Debug|Any CPU
		{CCBF30A3-641E-4C14-A9F9-A57E02C0C892}.Release|Any CPU.ActiveCfg = Release|Any CPU
		{CCBF30A3-641E-4C14-A9F9-A57E02C0C892}.Release|Any CPU.Build.0 = Release|Any CPU
	EndGlobalSection
	GlobalSection(SolutionProperties) = preSolution
		HideSolutionNode = FALSE
	EndGlobalSection
	GlobalSection(ExtensibilityGlobals) = postSolution
		SolutionGuid = {19FACC4A-DBCF-4192-9EAC-09A98A6945D9}
	EndGlobalSection
EndGlobal
