
Microsoft Visual Studio Solution File, Format Version 12.00
# Visual Studio 15
VisualStudioVersion = 15.0.28307.489
MinimumVisualStudioVersion = 10.0.40219.1
Project("{FAE04EC0-301F-11D3-BF4B-00C04F79EFBC}") = "FizzBuzzConsole.App", "FizzBuzzConsole.App\FizzBuzzConsole.App.csproj", "{3EBEBD59-6B0B-469E-8BC0-3624995E71E5}"
EndProject
Project("{9A19103F-16F7-4668-BE54-9A1E7A4F7556}") = "FizzBuzzConsole.Utils", "FizzBuzzConsole.Utils\FizzBuzzConsole.Utils.csproj", "{6EE0EB67-4D77-4497-8703-994FA86FCC2E}"
EndProject
Project("{FAE04EC0-301F-11D3-BF4B-00C04F79EFBC}") = "FizzBuzzConsole.MsTest", "FizzBuzzConsole.MsTest\FizzBuzzConsole.MsTest.csproj", "{C2CF3CA9-2AD7-466D-BF69-A57E8511D862}"
EndProject
Project("{FAE04EC0-301F-11D3-BF4B-00C04F79EFBC}") = "FizzBuzzConsole.xUnit", "FizzBuzzConsole.xUnit\FizzBuzzConsole.xUnit.csproj", "{4D68F1E8-C3B6-48FF-800A-C71E4097C0C5}"
EndProject
Project("{FAE04EC0-301F-11D3-BF4B-00C04F79EFBC}") = "FizzBuzzConsole.NUnit", "FizzBuzzConsole.NUnit\FizzBuzzConsole.NUnit.csproj", "{AB132B91-6FFA-4172-8FD7-FC35932D9653}"
EndProject
Global
	GlobalSection(SolutionConfigurationPlatforms) = preSolution
		Debug|Any CPU = Debug|Any CPU
		Release|Any CPU = Release|Any CPU
	EndGlobalSection
	GlobalSection(ProjectConfigurationPlatforms) = postSolution
		{3EBEBD59-6B0B-469E-8BC0-3624995E71E5}.Debug|Any CPU.ActiveCfg = Debug|Any CPU
		{3EBEBD59-6B0B-469E-8BC0-3624995E71E5}.Debug|Any CPU.Build.0 = Debug|Any CPU
		{3EBEBD59-6B0B-469E-8BC0-3624995E71E5}.Release|Any CPU.ActiveCfg = Release|Any CPU
		{3EBEBD59-6B0B-469E-8BC0-3624995E71E5}.Release|Any CPU.Build.0 = Release|Any CPU
		{6EE0EB67-4D77-4497-8703-994FA86FCC2E}.Debug|Any CPU.ActiveCfg = Debug|Any CPU
		{6EE0EB67-4D77-4497-8703-994FA86FCC2E}.Debug|Any CPU.Build.0 = Debug|Any CPU
		{6EE0EB67-4D77-4497-8703-994FA86FCC2E}.Release|Any CPU.ActiveCfg = Release|Any CPU
		{6EE0EB67-4D77-4497-8703-994FA86FCC2E}.Release|Any CPU.Build.0 = Release|Any CPU
		{C2CF3CA9-2AD7-466D-BF69-A57E8511D862}.Debug|Any CPU.ActiveCfg = Debug|Any CPU
		{C2CF3CA9-2AD7-466D-BF69-A57E8511D862}.Debug|Any CPU.Build.0 = Debug|Any CPU
		{C2CF3CA9-2AD7-466D-BF69-A57E8511D862}.Release|Any CPU.ActiveCfg = Release|Any CPU
		{C2CF3CA9-2AD7-466D-BF69-A57E8511D862}.Release|Any CPU.Build.0 = Release|Any CPU
		{4D68F1E8-C3B6-48FF-800A-C71E4097C0C5}.Debug|Any CPU.ActiveCfg = Debug|Any CPU
		{4D68F1E8-C3B6-48FF-800A-C71E4097C0C5}.Debug|Any CPU.Build.0 = Debug|Any CPU
		{4D68F1E8-C3B6-48FF-800A-C71E4097C0C5}.Release|Any CPU.ActiveCfg = Release|Any CPU
		{4D68F1E8-C3B6-48FF-800A-C71E4097C0C5}.Release|Any CPU.Build.0 = Release|Any CPU
		{AB132B91-6FFA-4172-8FD7-FC35932D9653}.Debug|Any CPU.ActiveCfg = Debug|Any CPU
		{AB132B91-6FFA-4172-8FD7-FC35932D9653}.Debug|Any CPU.Build.0 = Debug|Any CPU
		{AB132B91-6FFA-4172-8FD7-FC35932D9653}.Release|Any CPU.ActiveCfg = Release|Any CPU
		{AB132B91-6FFA-4172-8FD7-FC35932D9653}.Release|Any CPU.Build.0 = Release|Any CPU
	EndGlobalSection
	GlobalSection(SolutionProperties) = preSolution
		HideSolutionNode = FALSE
	EndGlobalSection
	GlobalSection(ExtensibilityGlobals) = postSolution
		SolutionGuid = {AF88095E-283E-4F7D-8C29-153DA38101EE}
	EndGlobalSection
EndGlobal
